
Microsoft Visual Studio Solution File, Format Version 12.00
# Visual Studio Version 16
VisualStudioVersion = 16.0.30611.23
MinimumVisualStudioVersion = 10.0.40219.1
Project("{FAE04EC0-301F-11D3-BF4B-00C04F79EFBC}") = "DBInClassPractice", "DBInClassPractice.csproj", "{64DFF921-AB8F-45D5-A589-C4F1F81FFD4C}"
EndProject
Global
	GlobalSection(SolutionConfigurationPlatforms) = preSolution
		Debug|Any CPU = Debug|Any CPU
		Release|Any CPU = Release|Any CPU
	EndGlobalSection
	GlobalSection(ProjectConfigurationPlatforms) = postSolution
		{64DFF921-AB8F-45D5-A589-C4F1F81FFD4C}.Debug|Any CPU.ActiveCfg = Debug|Any CPU
		{64DFF921-AB8F-45D5-A589-C4F1F81FFD4C}.Debug|Any CPU.Build.0 = Debug|Any CPU
		{64DFF921-AB8F-45D5-A589-C4F1F81FFD4C}.Release|Any CPU.ActiveCfg = Release|Any CPU
		{64DFF921-AB8F-45D5-A589-C4F1F81FFD4C}.Release|Any CPU.Build.0 = Release|Any CPU
	EndGlobalSection
	GlobalSection(SolutionProperties) = preSolution
		HideSolutionNode = FALSE
	EndGlobalSection
	GlobalSection(ExtensibilityGlobals) = postSolution
		SolutionGuid = {415AADA9-068C-4243-9E39-68C9D0164795}
	EndGlobalSection
EndGlobal
